
Microsoft Visual Studio Solution File, Format Version 12.00
# Visual Studio Version 17
VisualStudioVersion = 17.9.34616.47
MinimumVisualStudioVersion = 10.0.40219.1
Project("{FAE04EC0-301F-11D3-BF4B-00C04F79EFBC}") = "named-locations-test", "named-locations-test\named-locations-test.csproj", "{B7327CC2-8A47-4FB8-B705-DCD2D121BDC0}"
EndProject
Global
	GlobalSection(SolutionConfigurationPlatforms) = preSolution
		Debug|Any CPU = Debug|Any CPU
		Release|Any CPU = Release|Any CPU
	EndGlobalSection
	GlobalSection(ProjectConfigurationPlatforms) = postSolution
		{B7327CC2-8A47-4FB8-B705-DCD2D121BDC0}.Debug|Any CPU.ActiveCfg = Debug|Any CPU
		{B7327CC2-8A47-4FB8-B705-DCD2D121BDC0}.Debug|Any CPU.Build.0 = Debug|Any CPU
		{B7327CC2-8A47-4FB8-B705-DCD2D121BDC0}.Release|Any CPU.ActiveCfg = Release|Any CPU
		{B7327CC2-8A47-4FB8-B705-DCD2D121BDC0}.Release|Any CPU.Build.0 = Release|Any CPU
	EndGlobalSection
	GlobalSection(SolutionProperties) = preSolution
		HideSolutionNode = FALSE
	EndGlobalSection
	GlobalSection(ExtensibilityGlobals) = postSolution
		SolutionGuid = {6FC75242-0E0C-4CA3-9707-20EB96BD7969}
	EndGlobalSection
EndGlobal
